
Microsoft Visual Studio Solution File, Format Version 12.00
# Visual Studio Version 16
VisualStudioVersion = 16.0.32901.82
MinimumVisualStudioVersion = 10.0.40219.1
Project("{9A19103F-16F7-4668-BE54-9A1E7A4F7556}") = "KatamariFix", "KatamariFix\KatamariFix.csproj", "{085181D5-FB82-4885-A3D8-855E050F59A9}"
EndProject
Project("{FAE04EC0-301F-11D3-BF4B-00C04F79EFBC}") = "KatamariFixDebug", "KatamariFixDebug\KatamariFixDebug.csproj", "{646346BD-9AF8-4239-AADD-26F5C2F34504}"
EndProject
Project("{2150E333-8FDC-42A3-9474-1A3956D46DE8}") = "Solution Items", "Solution Items", "{1075CBCB-10D7-4FED-ABF7-15B44EA0E9B2}"
	ProjectSection(SolutionItems) = preProject
		.editorconfig = .editorconfig
	EndProjectSection
EndProject
Global
	GlobalSection(SolutionConfigurationPlatforms) = preSolution
		Debug|Any CPU = Debug|Any CPU
		Release|Any CPU = Release|Any CPU
	EndGlobalSection
	GlobalSection(ProjectConfigurationPlatforms) = postSolution
		{085181D5-FB82-4885-A3D8-855E050F59A9}.Debug|Any CPU.ActiveCfg = Debug|Any CPU
		{085181D5-FB82-4885-A3D8-855E050F59A9}.Debug|Any CPU.Build.0 = Debug|Any CPU
		{085181D5-FB82-4885-A3D8-855E050F59A9}.Release|Any CPU.ActiveCfg = Release|Any CPU
		{085181D5-FB82-4885-A3D8-855E050F59A9}.Release|Any CPU.Build.0 = Release|Any CPU
		{646346BD-9AF8-4239-AADD-26F5C2F34504}.Debug|Any CPU.ActiveCfg = Debug|Any CPU
		{646346BD-9AF8-4239-AADD-26F5C2F34504}.Debug|Any CPU.Build.0 = Debug|Any CPU
		{646346BD-9AF8-4239-AADD-26F5C2F34504}.Release|Any CPU.ActiveCfg = Release|Any CPU
		{646346BD-9AF8-4239-AADD-26F5C2F34504}.Release|Any CPU.Build.0 = Release|Any CPU
	EndGlobalSection
	GlobalSection(SolutionProperties) = preSolution
		HideSolutionNode = FALSE
	EndGlobalSection
	GlobalSection(ExtensibilityGlobals) = postSolution
		SolutionGuid = {839B6AA3-095F-4DB2-8939-00180B4D13FB}
	EndGlobalSection
EndGlobal
